
Microsoft Visual Studio Solution File, Format Version 12.00
# Visual Studio Version 17
VisualStudioVersion = 17.14.36915.13 d17.14
MinimumVisualStudioVersion = 10.0.40219.1
Project("{FAE04EC0-301F-11D3-BF4B-00C04F79EFBC}") = "dummyClient", "dummyClient.csproj", "{0F51F330-DEBD-4869-BBFF-95B1831C512F}"
EndProject
Global
	GlobalSection(SolutionConfigurationPlatforms) = preSolution
		Debug|Any CPU = Debug|Any CPU
		Release|Any CPU = Release|Any CPU
	EndGlobalSection
	GlobalSection(ProjectConfigurationPlatforms) = postSolution
		{0F51F330-DEBD-4869-BBFF-95B1831C512F}.Debug|Any CPU.ActiveCfg = Debug|Any CPU
		{0F51F330-DEBD-4869-BBFF-95B1831C512F}.Debug|Any CPU.Build.0 = Debug|Any CPU
		{0F51F330-DEBD-4869-BBFF-95B1831C512F}.Release|Any CPU.ActiveCfg = Release|Any CPU
		{0F51F330-DEBD-4869-BBFF-95B1831C512F}.Release|Any CPU.Build.0 = Release|Any CPU
	EndGlobalSection
	GlobalSection(SolutionProperties) = preSolution
		HideSolutionNode = FALSE
	EndGlobalSection
	GlobalSection(ExtensibilityGlobals) = postSolution
		SolutionGuid = {E6526DAA-F1FD-44E6-B7F1-B34FF8516413}
	EndGlobalSection
EndGlobal
