
Microsoft Visual Studio Solution File, Format Version 12.00
# Visual Studio Version 17
VisualStudioVersion = 17.13.35931.197
MinimumVisualStudioVersion = 10.0.40219.1
Project("{FAE04EC0-301F-11D3-BF4B-00C04F79EFBC}") = "C#_GameServer", "C#_GameServer\C#_GameServer.csproj", "{79D11CA4-3858-4137-A73F-1D6F1E0975B6}"
EndProject
Project("{FAE04EC0-301F-11D3-BF4B-00C04F79EFBC}") = "UnitTestProject1", "UnitTestProject1\UnitTestProject1.csproj", "{F13EF1E6-0036-4DEE-A9A4-A122C0A200A0}"
EndProject
Global
	GlobalSection(SolutionConfigurationPlatforms) = preSolution
		Debug|Any CPU = Debug|Any CPU
		Release|Any CPU = Release|Any CPU
	EndGlobalSection
	GlobalSection(ProjectConfigurationPlatforms) = postSolution
		{79D11CA4-3858-4137-A73F-1D6F1E0975B6}.Debug|Any CPU.ActiveCfg = Debug|Any CPU
		{79D11CA4-3858-4137-A73F-1D6F1E0975B6}.Debug|Any CPU.Build.0 = Debug|Any CPU
		{79D11CA4-3858-4137-A73F-1D6F1E0975B6}.Release|Any CPU.ActiveCfg = Release|Any CPU
		{79D11CA4-3858-4137-A73F-1D6F1E0975B6}.Release|Any CPU.Build.0 = Release|Any CPU
		{F13EF1E6-0036-4DEE-A9A4-A122C0A200A0}.Debug|Any CPU.ActiveCfg = Debug|Any CPU
		{F13EF1E6-0036-4DEE-A9A4-A122C0A200A0}.Debug|Any CPU.Build.0 = Debug|Any CPU
		{F13EF1E6-0036-4DEE-A9A4-A122C0A200A0}.Release|Any CPU.ActiveCfg = Release|Any CPU
		{F13EF1E6-0036-4DEE-A9A4-A122C0A200A0}.Release|Any CPU.Build.0 = Release|Any CPU
	EndGlobalSection
	GlobalSection(SolutionProperties) = preSolution
		HideSolutionNode = FALSE
	EndGlobalSection
	GlobalSection(ExtensibilityGlobals) = postSolution
		SolutionGuid = {E4A656A3-EF54-4CCC-B0FD-D38A5E27D0E3}
	EndGlobalSection
EndGlobal
